
Microsoft Visual Studio Solution File, Format Version 12.00
# Visual Studio Version 16
VisualStudioVersion = 16.0.31205.134
MinimumVisualStudioVersion = 10.0.40219.1
Project("{FAE04EC0-301F-11D3-BF4B-00C04F79EFBC}") = "FirstAzureWebService", "FirstAzureWebService\FirstAzureWebService.csproj", "{69558692-8413-4D77-B88B-636EA326D878}"
EndProject
Global
	GlobalSection(SolutionConfigurationPlatforms) = preSolution
		Debug|Any CPU = Debug|Any CPU
		Release|Any CPU = Release|Any CPU
	EndGlobalSection
	GlobalSection(ProjectConfigurationPlatforms) = postSolution
		{69558692-8413-4D77-B88B-636EA326D878}.Debug|Any CPU.ActiveCfg = Debug|Any CPU
		{69558692-8413-4D77-B88B-636EA326D878}.Debug|Any CPU.Build.0 = Debug|Any CPU
		{69558692-8413-4D77-B88B-636EA326D878}.Release|Any CPU.ActiveCfg = Release|Any CPU
		{69558692-8413-4D77-B88B-636EA326D878}.Release|Any CPU.Build.0 = Release|Any CPU
	EndGlobalSection
	GlobalSection(SolutionProperties) = preSolution
		HideSolutionNode = FALSE
	EndGlobalSection
	GlobalSection(ExtensibilityGlobals) = postSolution
		SolutionGuid = {AB7094BA-603A-46CD-BAD9-DB87AC8EA0F5}
	EndGlobalSection
EndGlobal
